{
    "_meta": {
        "hash": {
            "sha256": "7f0cfb2108abc93be442c0f15b0086a7f6cae472ccf500c9e00156f5ad7d9348"
        },
        "pipfile-spec": 6,
        "requires": {
            "python_version": "3.7"
        },
        "sources": [
            {
                "name": "pypi",
                "url": "https://pypi.org/simple",
                "verify_ssl": true
            }
        ]
    },
    "default": {
        "ohneio": {
            "hashes": [
                "sha256:4d09754ddc90a7785e1c3457b7b8a5654badd7e1611dc0f42ee5a70ca5b4fdc7"
            ],
            "index": "pypi",
            "version": "==0.8.1"
        },
        "yuuno-core": {
            "editable": true,
            "path": "."
        }
    },
    "develop": {
        "aiounittest": {
            "hashes": [
                "sha256:68ef9f35169544fd81454c754b34d5a05049fd864ae645c003ffb60ccc74a203"
            ],
            "index": "pypi",
            "version": "==1.2.1"
        }
    }
}
