{
    "_meta": {
        "hash": {
            "sha256": "c2ab81c0d56448446aee24582e2d830b2258d635aa52fd858c8597be8868da24"
        },
        "pipfile-spec": 6,
        "requires": {
            "python_version": "3.7"
        },
        "sources": [
            {
                "name": "pypi",
                "url": "https://pypi.org/simple",
                "verify_ssl": true
            }
        ]
    },
    "default": {
        "cachetools": {
            "hashes": [
                "sha256:428266a1c0d36dc5aca63a2d7c5942e88c2c898d72139fca0e97fdd2380517ae",
                "sha256:8ea2d3ce97850f31e4a08b0e2b5e6c34997d7216a9d2c98e0f3978630d4da69a"
            ],
            "version": "==3.1.1"
        },
        "vapoursynth": {
            "hashes": [
                "sha256:2fc8947e1ba538550ddfbb3db5cf44bdf8c4878dfe71749d2c0b9bc2d9eb5d20",
                "sha256:659bcab0fa590a830cd63b9e6edb3e4d36eb65b68232e127d112d1ef22cdd76c",
                "sha256:ac1dd9e66623939c2ffc7b70284b15eadadd654fb76243dd187fb3eb9a81b3c2"
            ],
            "index": "pypi",
            "version": "==47.2"
        },
        "yuuno-core": {
            "editable": true,
            "path": "."
        }
    },
    "develop": {
        "aiounittest": {
            "hashes": [
                "sha256:68ef9f35169544fd81454c754b34d5a05049fd864ae645c003ffb60ccc74a203"
            ],
            "index": "pypi",
            "version": "==1.2.1"
        },
        "async-timeout": {
            "hashes": [
                "sha256:0c3c816a028d47f659d6ff5c745cb2acf1f966da1fe5c19c77a70282b25f4c5f",
                "sha256:4291ca197d287d274d0b6cb5d6f8f8f82d434ed288f962539ff18cc9012f9ea3"
            ],
            "index": "pypi",
            "version": "==3.0.1"
        },
        "vapoursynth": {
            "hashes": [
                "sha256:2fc8947e1ba538550ddfbb3db5cf44bdf8c4878dfe71749d2c0b9bc2d9eb5d20",
                "sha256:659bcab0fa590a830cd63b9e6edb3e4d36eb65b68232e127d112d1ef22cdd76c",
                "sha256:ac1dd9e66623939c2ffc7b70284b15eadadd654fb76243dd187fb3eb9a81b3c2"
            ],
            "index": "pypi",
            "version": "==47.2"
        },
        "vapoursynth-portable": {
            "hashes": [
                "sha256:85910535ec1b57bff8ec5c005ae863e47875d5b7a8b29e4e54afd68912d8962b",
                "sha256:d9ae05fccd9943417c78003d8dfbda41585ad0c46dab533610dbdf18e24db634"
            ],
            "index": "pypi",
            "markers": "sys_platform == 'win32'",
            "version": "==47.2"
        }
    }
}
